
Microsoft Visual Studio Solution File, Format Version 12.00
# Visual Studio Version 17
VisualStudioVersion = 17.8.34330.188
MinimumVisualStudioVersion = 10.0.40219.1
Project("{FAE04EC0-301F-11D3-BF4B-00C04F79EFBC}") = "AIhealthchatbot", "AIhealthchatbot.csproj", "{7FFF3099-36E0-47B1-991A-B4BC5AC58BCE}"
EndProject
Global
	GlobalSection(SolutionConfigurationPlatforms) = preSolution
		Debug|Any CPU = Debug|Any CPU
		Release|Any CPU = Release|Any CPU
	EndGlobalSection
	GlobalSection(ProjectConfigurationPlatforms) = postSolution
		{7FFF3099-36E0-47B1-991A-B4BC5AC58BCE}.Debug|Any CPU.ActiveCfg = Debug|Any CPU
		{7FFF3099-36E0-47B1-991A-B4BC5AC58BCE}.Debug|Any CPU.Build.0 = Debug|Any CPU
		{7FFF3099-36E0-47B1-991A-B4BC5AC58BCE}.Release|Any CPU.ActiveCfg = Release|Any CPU
		{7FFF3099-36E0-47B1-991A-B4BC5AC58BCE}.Release|Any CPU.Build.0 = Release|Any CPU
	EndGlobalSection
	GlobalSection(SolutionProperties) = preSolution
		HideSolutionNode = FALSE
	EndGlobalSection
	GlobalSection(ExtensibilityGlobals) = postSolution
		SolutionGuid = {52DF0D95-C99A-42A7-8DA5-CE31B75A7FFD}
	EndGlobalSection
EndGlobal
